{
  "name": "dapp-rewards",
  "version": "0.0.1",
  "lockfileVersion": 1,
  "requires": true,
  "dependencies": {
    "embarkjs-connector-web3": {
      "version": "4.0.0",
      "resolved": "https://registry.npmjs.org/embarkjs-connector-web3/-/embarkjs-connector-web3-4.0.0.tgz",
      "integrity": "sha512-mqLDRGawEfyqXgoSb2NgTwhlbAHwDrk7eyHrtEvywWgKfEPer+S+5IN+KGXi85d7QxcNKJSZ+BHve8wvWX0FfQ=="
    },
    "jquery": {
      "version": "3.4.0",
      "resolved": "https://registry.npmjs.org/jquery/-/jquery-3.4.0.tgz",
      "integrity": "sha512-ggRCXln9zEqv6OqAGXFEcshF5dSBvCkzj6Gm2gzuR5fWawaX8t7cxKVkkygKODrDAzKdoYw3l/e3pm3vlT4IbQ=="
    },
    "openzeppelin-solidity": {
      "version": "2.2.0",
      "resolved": "https://registry.npmjs.org/openzeppelin-solidity/-/openzeppelin-solidity-2.2.0.tgz",
      "integrity": "sha512-HfQq0xyT+EPs/lTWEd5Odu4T7CYdYe+qwf54EH28FQZthp4Bs6IWvOlOumTdS2dvpwZoTXURAopHn2LN1pwAGQ=="
    }
  }
}
